
Microsoft Visual Studio Solution File, Format Version 12.00
# Visual Studio Version 16
VisualStudioVersion = 16.0.29503.13
MinimumVisualStudioVersion = 10.0.40219.1
Project("{2150E333-8FDC-42A3-9474-1A3956D46DE8}") = "3. Client", "3. Client", "{655225E4-2F4C-4D07-82FB-7B4947EF5A7A}"
EndProject
Project("{2150E333-8FDC-42A3-9474-1A3956D46DE8}") = "0. Solution Items", "0. Solution Items", "{85EB7950-61F2-4B83-9F3E-F74ECCE0D3C8}"
ProjectSection(SolutionItems) = preProject
	.dockerignore = .dockerignore
	.editorconfig = .editorconfig
	.gitattributes = .gitattributes
	.gitignore = .gitignore
	LICENSE = LICENSE
	README.md = README.md
EndProjectSection
EndProject
Project("{2150E333-8FDC-42A3-9474-1A3956D46DE8}") = "4. Tests", "4. Tests", "{7F3DBAA2-139B-401D-A33F-1409A9BB4DE8}"
EndProject
Project("{2150E333-8FDC-42A3-9474-1A3956D46DE8}") = "1. Domain", "1. Domain", "{0CAA168B-AFD6-474F-A12F-4BBC538C3F4A}"
EndProject
Project("{2150E333-8FDC-42A3-9474-1A3956D46DE8}") = "2. Repositories", "2. Repositories", "{2A65F3B7-FEF9-4075-AEC9-F93E26B03A44}"
EndProject
Project("{2150E333-8FDC-42A3-9474-1A3956D46DE8}") = ".protos", ".protos", "{910F81EF-0AE9-4454-8BFF-0CFE82C6CCC1}"
ProjectSection(SolutionItems) = preProject
	.protos\isalive.proto = .protos\isalive.proto
EndProjectSection
EndProject
Project("{2150E333-8FDC-42A3-9474-1A3956D46DE8}") = ".github", ".github", "{52A44EBD-E41E-4004-919D-FFC27AF31789}"
EndProject
Project("{2150E333-8FDC-42A3-9474-1A3956D46DE8}") = "workflows", "workflows", "{BEEC5681-757C-456A-A220-B2590CE29A74}"
ProjectSection(SolutionItems) = preProject
	.github\workflows\dotnetcore.yml = .github\workflows\dotnetcore.yml
	.github\workflows\nuget-client.yml = .github\workflows\nuget-client.yml
EndProjectSection
EndProject
Project("{FAE04EC0-301F-11D3-BF4B-00C04F79EFBC}") = "TradeProcessing.Domain", "src\TradeProcessing.Domain\TradeProcessing.Domain.csproj", "{D3D75E5D-086D-4196-A87C-981B9BC74FD4}"
EndProject
Project("{FAE04EC0-301F-11D3-BF4B-00C04F79EFBC}") = "TradeProcessing.Services", "src\TradeProcessing.Services\TradeProcessing.Services.csproj", "{EF7031FE-BAC5-4A29-BFB5-09A6E283B23B}"
EndProject
Project("{FAE04EC0-301F-11D3-BF4B-00C04F79EFBC}") = "TradeProcessing.Repositories", "src\TradeProcessing.Repositories\TradeProcessing.Repositories.csproj", "{21897482-6305-4F8B-983E-C22E934B83C5}"
EndProject
Project("{FAE04EC0-301F-11D3-BF4B-00C04F79EFBC}") = "TradeProcessing.Client", "src\TradeProcessing.Client\TradeProcessing.Client.csproj", "{4646D3D0-5B66-4EB8-A916-072BA932E09E}"
EndProject
Project("{FAE04EC0-301F-11D3-BF4B-00C04F79EFBC}") = "TradeProcessing", "src\TradeProcessing\TradeProcessing.csproj", "{C6991E2F-6DEE-4C53-A351-FA82E96A9BC2}"
EndProject
Project("{FAE04EC0-301F-11D3-BF4B-00C04F79EFBC}") = "TradeProcessing.Tests", "tests\TradeProcessing.Tests\TradeProcessing.Tests.csproj", "{F0D62971-9C2A-434C-A56B-5CEB76CBE0BB}"
EndProject
Project("{FAE04EC0-301F-11D3-BF4B-00C04F79EFBC}") = "TradeProcessing.Services.Tests", "tests\TradeProcessing.Services.Tests\TradeProcessing.Services.Tests.csproj", "{7ED77511-8573-4D10-97A4-32AC079FC806}"
EndProject
Project("{FAE04EC0-301F-11D3-BF4B-00C04F79EFBC}") = "TestClient", "tests\TestClient\TestClient.csproj", "{D1C92756-142E-4238-818A-18488220AE1C}"
EndProject
Global
	GlobalSection(SolutionConfigurationPlatforms) = preSolution
		Debug|Any CPU = Debug|Any CPU
		Release|Any CPU = Release|Any CPU
	EndGlobalSection
	GlobalSection(ProjectConfigurationPlatforms) = postSolution
		{D3D75E5D-086D-4196-A87C-981B9BC74FD4}.Debug|Any CPU.ActiveCfg = Debug|Any CPU
		{D3D75E5D-086D-4196-A87C-981B9BC74FD4}.Debug|Any CPU.Build.0 = Debug|Any CPU
		{D3D75E5D-086D-4196-A87C-981B9BC74FD4}.Release|Any CPU.ActiveCfg = Release|Any CPU
		{D3D75E5D-086D-4196-A87C-981B9BC74FD4}.Release|Any CPU.Build.0 = Release|Any CPU
		{EF7031FE-BAC5-4A29-BFB5-09A6E283B23B}.Debug|Any CPU.ActiveCfg = Debug|Any CPU
		{EF7031FE-BAC5-4A29-BFB5-09A6E283B23B}.Debug|Any CPU.Build.0 = Debug|Any CPU
		{EF7031FE-BAC5-4A29-BFB5-09A6E283B23B}.Release|Any CPU.ActiveCfg = Release|Any CPU
		{EF7031FE-BAC5-4A29-BFB5-09A6E283B23B}.Release|Any CPU.Build.0 = Release|Any CPU
		{21897482-6305-4F8B-983E-C22E934B83C5}.Debug|Any CPU.ActiveCfg = Debug|Any CPU
		{21897482-6305-4F8B-983E-C22E934B83C5}.Debug|Any CPU.Build.0 = Debug|Any CPU
		{21897482-6305-4F8B-983E-C22E934B83C5}.Release|Any CPU.ActiveCfg = Release|Any CPU
		{21897482-6305-4F8B-983E-C22E934B83C5}.Release|Any CPU.Build.0 = Release|Any CPU
		{4646D3D0-5B66-4EB8-A916-072BA932E09E}.Debug|Any CPU.ActiveCfg = Debug|Any CPU
		{4646D3D0-5B66-4EB8-A916-072BA932E09E}.Debug|Any CPU.Build.0 = Debug|Any CPU
		{4646D3D0-5B66-4EB8-A916-072BA932E09E}.Release|Any CPU.ActiveCfg = Release|Any CPU
		{4646D3D0-5B66-4EB8-A916-072BA932E09E}.Release|Any CPU.Build.0 = Release|Any CPU
		{C6991E2F-6DEE-4C53-A351-FA82E96A9BC2}.Debug|Any CPU.ActiveCfg = Debug|Any CPU
		{C6991E2F-6DEE-4C53-A351-FA82E96A9BC2}.Debug|Any CPU.Build.0 = Debug|Any CPU
		{C6991E2F-6DEE-4C53-A351-FA82E96A9BC2}.Release|Any CPU.ActiveCfg = Release|Any CPU
		{C6991E2F-6DEE-4C53-A351-FA82E96A9BC2}.Release|Any CPU.Build.0 = Release|Any CPU
		{F0D62971-9C2A-434C-A56B-5CEB76CBE0BB}.Debug|Any CPU.ActiveCfg = Debug|Any CPU
		{F0D62971-9C2A-434C-A56B-5CEB76CBE0BB}.Debug|Any CPU.Build.0 = Debug|Any CPU
		{F0D62971-9C2A-434C-A56B-5CEB76CBE0BB}.Release|Any CPU.ActiveCfg = Release|Any CPU
		{F0D62971-9C2A-434C-A56B-5CEB76CBE0BB}.Release|Any CPU.Build.0 = Release|Any CPU
		{7ED77511-8573-4D10-97A4-32AC079FC806}.Debug|Any CPU.ActiveCfg = Debug|Any CPU
		{7ED77511-8573-4D10-97A4-32AC079FC806}.Debug|Any CPU.Build.0 = Debug|Any CPU
		{7ED77511-8573-4D10-97A4-32AC079FC806}.Release|Any CPU.ActiveCfg = Release|Any CPU
		{7ED77511-8573-4D10-97A4-32AC079FC806}.Release|Any CPU.Build.0 = Release|Any CPU
		{D1C92756-142E-4238-818A-18488220AE1C}.Debug|Any CPU.ActiveCfg = Debug|Any CPU
		{D1C92756-142E-4238-818A-18488220AE1C}.Debug|Any CPU.Build.0 = Debug|Any CPU
		{D1C92756-142E-4238-818A-18488220AE1C}.Release|Any CPU.ActiveCfg = Release|Any CPU
		{D1C92756-142E-4238-818A-18488220AE1C}.Release|Any CPU.Build.0 = Release|Any CPU
	EndGlobalSection
	GlobalSection(SolutionProperties) = preSolution
		HideSolutionNode = FALSE
	EndGlobalSection
	GlobalSection(NestedProjects) = preSolution
		{BEEC5681-757C-456A-A220-B2590CE29A74} = {52A44EBD-E41E-4004-919D-FFC27AF31789}
		{D3D75E5D-086D-4196-A87C-981B9BC74FD4} = {0CAA168B-AFD6-474F-A12F-4BBC538C3F4A}
		{EF7031FE-BAC5-4A29-BFB5-09A6E283B23B} = {0CAA168B-AFD6-474F-A12F-4BBC538C3F4A}
		{21897482-6305-4F8B-983E-C22E934B83C5} = {2A65F3B7-FEF9-4075-AEC9-F93E26B03A44}
		{4646D3D0-5B66-4EB8-A916-072BA932E09E} = {655225E4-2F4C-4D07-82FB-7B4947EF5A7A}
		{F0D62971-9C2A-434C-A56B-5CEB76CBE0BB} = {7F3DBAA2-139B-401D-A33F-1409A9BB4DE8}
		{7ED77511-8573-4D10-97A4-32AC079FC806} = {7F3DBAA2-139B-401D-A33F-1409A9BB4DE8}
		{D1C92756-142E-4238-818A-18488220AE1C} = {7F3DBAA2-139B-401D-A33F-1409A9BB4DE8}
	EndGlobalSection
	GlobalSection(ExtensibilityGlobals) = postSolution
		SolutionGuid = {196C39E2-2F2E-46AB-BA2A-0D2E7E171B5A}
	EndGlobalSection
EndGlobal
